# THIS IS AN AUTOGENERATED FILE. DO NOT EDIT THIS FILE DIRECTLY.
# yarn lockfile v1


"@types/node@^22.5.4":
  version "22.10.0"
  resolved "https://registry.yarnpkg.com/@types/node/-/node-22.10.0.tgz#89bfc9e82496b9c7edea3382583fa94f75896e81"
  integrity sha512-XC70cRZVElFHfIUB40FgZOBbgJYFKKMa5nb9lxcwYstFG/Mi+/Y0bGS+rs6Dmhmkpq4pnNiLiuZAbc02YCOnmA==
  dependencies:
    undici-types "~6.20.0"

"@types/vscode@^1.14.0":
  version "1.95.0"
  resolved "https://registry.yarnpkg.com/@types/vscode/-/vscode-1.95.0.tgz#484aee82c69fa2d73e29d4bf2a91191e570dbc70"
  integrity sha512-0LBD8TEiNbet3NvWsmn59zLzOFu/txSlGxnv5yAFHCrhG9WvAnR3IvfHzMOs2aeWqgvNjq9pO99IUw8d3n+unw==

prettier@^2.8.4:
  version "2.8.8"
  resolved "https://registry.yarnpkg.com/prettier/-/prettier-2.8.8.tgz#e8c5d7e98a4305ffe3de2e1fc4aca1a71c28b1da"
  integrity sha512-tdN8qQGvNjw4CHbY+XXk0JgCXn9QiF21a55rBe5LJAU+kDyC4WQn4+awm2Xfk2lQMk5fKup9XgzTZtGkjBdP9Q==

typescript@^5.0.0:
  version "5.7.2"
  resolved "https://registry.yarnpkg.com/typescript/-/typescript-5.7.2.tgz#3169cf8c4c8a828cde53ba9ecb3d2b1d5dd67be6"
  integrity sha512-i5t66RHxDvVN40HfDd1PsEThGNnlMCMT3jMUuoh9/0TaqWevNontacunWyN02LA9/fIbEWlcHZcgTKb9QoaLfg==

undici-types@~6.20.0:
  version "6.20.0"
  resolved "https://registry.yarnpkg.com/undici-types/-/undici-types-6.20.0.tgz#8171bf22c1f588d1554d55bf204bc624af388433"
  integrity sha512-Ny6QZ2Nju20vw1SRHe3d9jVu6gJ+4e3+MMpqu7pqE5HT6WsTSlce++GQmK5UXS8mzV8DSYHrQH+Xrf2jVcuKNg==
